{
  "name": "@prerenderbuddy/cli",
  "version": "0.1.3",
  "lockfileVersion": 3,
  "requires": true,
  "packages": {
    "": {
      "name": "@prerenderbuddy/cli",
      "version": "0.1.3",
      "license": "Apache-2.0",
      "bin": {
        "prerenderbuddy": "bin/prerenderbuddy.js"
      },
      "engines": {
        "node": ">=20"
      }
    }
  }
}
